// !$*UTF8*$!
{
	archiveVersion = 1;
	classes = {
	};
	objectVersion = 50;
	objects = {

/* Begin PBXBuildFile section */
		7C10710321D9345D0078C7CC /* CreatePostViewController.swift in Sources */ = {isa = PBXBuildFile; fileRef = 7C10710121D9345D0078C7CC /* CreatePostViewController.swift */; };
		7C10710421D9345D0078C7CC /* CreatePostViewController.xib in Resources */ = {isa = PBXBuildFile; fileRef = 7C10710221D9345D0078C7CC /* CreatePostViewController.xib */; };
		7C10710621D9359E0078C7CC /* PostManager.swift in Sources */ = {isa = PBXBuildFile; fileRef = 7C10710521D9359E0078C7CC /* PostManager.swift */; };
		7C10710821D9362A0078C7CC /* FirebaseManager.swift in Sources */ = {isa = PBXBuildFile; fileRef = 7C10710721D9362A0078C7CC /* FirebaseManager.swift */; };
		7C10710A21D936F10078C7CC /* Post.swift in Sources */ = {isa = PBXBuildFile; fileRef = 7C10710921D936F10078C7CC /* Post.swift */; };
		7C10710C21D937F30078C7CC /* Extensions+Encodable.swift in Sources */ = {isa = PBXBuildFile; fileRef = 7C10710B21D937F30078C7CC /* Extensions+Encodable.swift */; };
		7C10710E21D940D30078C7CC /* Extensions+Decodable.swift in Sources */ = {isa = PBXBuildFile; fileRef = 7C10710D21D940D30078C7CC /* Extensions+Decodable.swift */; };
		7C10711121D942950078C7CC /* PostTableViewCell.swift in Sources */ = {isa = PBXBuildFile; fileRef = 7C10710F21D942950078C7CC /* PostTableViewCell.swift */; };
		7C10711221D942950078C7CC /* PostTableViewCell.xib in Resources */ = {isa = PBXBuildFile; fileRef = 7C10711021D942950078C7CC /* PostTableViewCell.xib */; };
		7C2FC36F21CFFC0A00C322AF /* CustomErrors.swift in Sources */ = {isa = PBXBuildFile; fileRef = 7C2FC36E21CFFC0A00C322AF /* CustomErrors.swift */; };
		7C2FC37121CFFC2400C322AF /* Validator.swift in Sources */ = {isa = PBXBuildFile; fileRef = 7C2FC37021CFFC2400C322AF /* Validator.swift */; };
		7C2FC37321CFFCED00C322AF /* StorageManager.swift in Sources */ = {isa = PBXBuildFile; fileRef = 7C2FC37221CFFCED00C322AF /* StorageManager.swift */; };
		7C2FC37521D002E100C322AF /* FirebaseResult.swift in Sources */ = {isa = PBXBuildFile; fileRef = 7C2FC37421D002E100C322AF /* FirebaseResult.swift */; };
		7C2FC37921D0040900C322AF /* LoginViewController.swift in Sources */ = {isa = PBXBuildFile; fileRef = 7C2FC37721D0040900C322AF /* LoginViewController.swift */; };
		7C2FC37A21D0040900C322AF /* LoginViewController.xib in Resources */ = {isa = PBXBuildFile; fileRef = 7C2FC37821D0040900C322AF /* LoginViewController.xib */; };
		7C2FC37D21D004CC00C322AF /* TextField.swift in Sources */ = {isa = PBXBuildFile; fileRef = 7C2FC37C21D004CC00C322AF /* TextField.swift */; };
		7C2FC38121D0089000C322AF /* FeedViewController.swift in Sources */ = {isa = PBXBuildFile; fileRef = 7C2FC37F21D0089000C322AF /* FeedViewController.swift */; };
		7C2FC38221D0089000C322AF /* FeedViewController.xib in Resources */ = {isa = PBXBuildFile; fileRef = 7C2FC38021D0089000C322AF /* FeedViewController.xib */; };
		7C2FC38521D0093700C322AF /* UserHeaderView.xib in Resources */ = {isa = PBXBuildFile; fileRef = 7C2FC38421D0093700C322AF /* UserHeaderView.xib */; };
		7C2FC38721D009A800C322AF /* UserHeaderView.swift in Sources */ = {isa = PBXBuildFile; fileRef = 7C2FC38621D009A800C322AF /* UserHeaderView.swift */; };
		7C61EA3321C6BECD00D1BA6A /* RegisterModel.swift in Sources */ = {isa = PBXBuildFile; fileRef = 7C61EA3221C6BECD00D1BA6A /* RegisterModel.swift */; };
		7C61EA3521C6BF1300D1BA6A /* Sex.swift in Sources */ = {isa = PBXBuildFile; fileRef = 7C61EA3421C6BF1300D1BA6A /* Sex.swift */; };
		7C61EA3721C6C06100D1BA6A /* Extensions+UIViewController.swift in Sources */ = {isa = PBXBuildFile; fileRef = 7C61EA3621C6C06100D1BA6A /* Extensions+UIViewController.swift */; };
		7C61EA3A21C6C7C300D1BA6A /* AuthManager.swift in Sources */ = {isa = PBXBuildFile; fileRef = 7C61EA3921C6C7C300D1BA6A /* AuthManager.swift */; };
		7C9937D621C6C99A0063AD5B /* Utilites.swift in Sources */ = {isa = PBXBuildFile; fileRef = 7C9937D521C6C99A0063AD5B /* Utilites.swift */; };
		7CAAAD0321B44BD700FBF963 /* AppDelegate.swift in Sources */ = {isa = PBXBuildFile; fileRef = 7CAAAD0221B44BD700FBF963 /* AppDelegate.swift */; };
		7CAAAD0521B44BD700FBF963 /* ViewController.swift in Sources */ = {isa = PBXBuildFile; fileRef = 7CAAAD0421B44BD700FBF963 /* ViewController.swift */; };
		7CAAAD0A21B44BD900FBF963 /* Assets.xcassets in Resources */ = {isa = PBXBuildFile; fileRef = 7CAAAD0921B44BD900FBF963 /* Assets.xcassets */; };
		7CAAAD0D21B44BD900FBF963 /* LaunchScreen.storyboard in Resources */ = {isa = PBXBuildFile; fileRef = 7CAAAD0B21B44BD900FBF963 /* LaunchScreen.storyboard */; };
		7CAAAD1821B44BD900FBF963 /* DKVKTests.swift in Sources */ = {isa = PBXBuildFile; fileRef = 7CAAAD1721B44BD900FBF963 /* DKVKTests.swift */; };
		7CAAAD2321B44C3F00FBF963 /* ViewController.xib in Resources */ = {isa = PBXBuildFile; fileRef = 7CAAAD2221B44C3F00FBF963 /* ViewController.xib */; };
		7CAAAD2A21B44DBC00FBF963 /* Router.swift in Sources */ = {isa = PBXBuildFile; fileRef = 7CAAAD2921B44DBC00FBF963 /* Router.swift */; };
		7CAAAD2C21B4538B00FBF963 /* StartRouter.swift in Sources */ = {isa = PBXBuildFile; fileRef = 7CAAAD2B21B4538B00FBF963 /* StartRouter.swift */; };
		7CAAAD3021B4545F00FBF963 /* RegisterViewController.swift in Sources */ = {isa = PBXBuildFile; fileRef = 7CAAAD2E21B4545F00FBF963 /* RegisterViewController.swift */; };
		7CAAAD3121B4545F00FBF963 /* RegisterViewController.xib in Resources */ = {isa = PBXBuildFile; fileRef = 7CAAAD2F21B4545F00FBF963 /* RegisterViewController.xib */; };
		7CAAAD3521B4552400FBF963 /* PhotoView.swift in Sources */ = {isa = PBXBuildFile; fileRef = 7CAAAD3421B4552400FBF963 /* PhotoView.swift */; };
		7CAAAD3A21B4555200FBF963 /* NibLoadable.swift in Sources */ = {isa = PBXBuildFile; fileRef = 7CAAAD3921B4555200FBF963 /* NibLoadable.swift */; };
		7CAAAD3D21B4574900FBF963 /* Extensions+UIView.swift in Sources */ = {isa = PBXBuildFile; fileRef = 7CAAAD3C21B4574900FBF963 /* Extensions+UIView.swift */; };
		7CAAAD3F21B4583B00FBF963 /* Extensions+NSLayoutConstraint.swift in Sources */ = {isa = PBXBuildFile; fileRef = 7CAAAD3E21B4583B00FBF963 /* Extensions+NSLayoutConstraint.swift */; };
		7CAAAD4321B459D700FBF963 /* InfoUserTableViewCell.swift in Sources */ = {isa = PBXBuildFile; fileRef = 7CAAAD4121B459D700FBF963 /* InfoUserTableViewCell.swift */; };
		7CAAAD4421B459D700FBF963 /* InfoUserTableViewCell.xib in Resources */ = {isa = PBXBuildFile; fileRef = 7CAAAD4221B459D700FBF963 /* InfoUserTableViewCell.xib */; };
		7CAAAD4921B45D0000FBF963 /* HeightContainable.swift in Sources */ = {isa = PBXBuildFile; fileRef = 7CAAAD4821B45D0000FBF963 /* HeightContainable.swift */; };
		7CAAAD4B21B45D3F00FBF963 /* Typealiases.swift in Sources */ = {isa = PBXBuildFile; fileRef = 7CAAAD4A21B45D3F00FBF963 /* Typealiases.swift */; };
		7CAAAD4D21B4619100FBF963 /* GoogleService-Info.plist in Resources */ = {isa = PBXBuildFile; fileRef = 7CAAAD4C21B4619100FBF963 /* GoogleService-Info.plist */; };
		7CD36CAB21E5151500A23C7D /* CreatePostModel.swift in Sources */ = {isa = PBXBuildFile; fileRef = 7CD36CAA21E5151500A23C7D /* CreatePostModel.swift */; };
		7CD36CAF21E518E400A23C7D /* ChatsViewController.swift in Sources */ = {isa = PBXBuildFile; fileRef = 7CD36CAD21E518E400A23C7D /* ChatsViewController.swift */; };
		7CD36CB021E518E400A23C7D /* ChatsViewController.xib in Resources */ = {isa = PBXBuildFile; fileRef = 7CD36CAE21E518E400A23C7D /* ChatsViewController.xib */; };
		7CD36CB221E5196100A23C7D /* UserManager.swift in Sources */ = {isa = PBXBuildFile; fileRef = 7CD36CB121E5196100A23C7D /* UserManager.swift */; };
		7CD36CB421E519F500A23C7D /* DKUser.swift in Sources */ = {isa = PBXBuildFile; fileRef = 7CD36CB321E519F500A23C7D /* DKUser.swift */; };
		7CD36CB821E51C7400A23C7D /* ChatViewController.swift in Sources */ = {isa = PBXBuildFile; fileRef = 7CD36CB621E51C7400A23C7D /* ChatViewController.swift */; };
		7CD36CB921E51C7400A23C7D /* ChatViewController.xib in Resources */ = {isa = PBXBuildFile; fileRef = 7CD36CB721E51C7400A23C7D /* ChatViewController.xib */; };
		7CD36CBB21E51D3000A23C7D /* Message.swift in Sources */ = {isa = PBXBuildFile; fileRef = 7CD36CBA21E51D3000A23C7D /* Message.swift */; };
		7CD36CBD21E51D7300A23C7D /* ChatManager.swift in Sources */ = {isa = PBXBuildFile; fileRef = 7CD36CBC21E51D7300A23C7D /* ChatManager.swift */; };
		7CE1583021BED80D005449E5 /* HeaderTitleView.swift in Sources */ = {isa = PBXBuildFile; fileRef = 7CE1582F21BED80D005449E5 /* HeaderTitleView.swift */; };
		7CE1583221BED814005449E5 /* HeaderTitleView.xib in Resources */ = {isa = PBXBuildFile; fileRef = 7CE1583121BED814005449E5 /* HeaderTitleView.xib */; };
		7CE1583421BED940005449E5 /* CellHeaderProtocol.swift in Sources */ = {isa = PBXBuildFile; fileRef = 7CE1583321BED940005449E5 /* CellHeaderProtocol.swift */; };
		7CF5606921BEDD6A00A39099 /* SegmenterTableViewCell.swift in Sources */ = {isa = PBXBuildFile; fileRef = 7CF5606721BEDD6A00A39099 /* SegmenterTableViewCell.swift */; };
		7CF5606A21BEDD6A00A39099 /* SegmenterTableViewCell.xib in Resources */ = {isa = PBXBuildFile; fileRef = 7CF5606821BEDD6A00A39099 /* SegmenterTableViewCell.xib */; };
		7CF5606D21BEE1A300A39099 /* TextTableViewCell.swift in Sources */ = {isa = PBXBuildFile; fileRef = 7CF5606B21BEE1A300A39099 /* TextTableViewCell.swift */; };
		7CF5606E21BEE1A300A39099 /* TextTableViewCell.xib in Resources */ = {isa = PBXBuildFile; fileRef = 7CF5606C21BEE1A300A39099 /* TextTableViewCell.xib */; };
		7CF5607321BEE55B00A39099 /* TextFieldTableViewCell.swift in Sources */ = {isa = PBXBuildFile; fileRef = 7CF5607121BEE55B00A39099 /* TextFieldTableViewCell.swift */; };
		7CF5607421BEE55B00A39099 /* TextFieldTableViewCell.xib in Resources */ = {isa = PBXBuildFile; fileRef = 7CF5607221BEE55B00A39099 /* TextFieldTableViewCell.xib */; };
		AD22B6E221D0DC920006C567 /* SecureStorageManager.swift in Sources */ = {isa = PBXBuildFile; fileRef = AD22B6E121D0DC920006C567 /* SecureStorageManager.swift */; };
		AD22B6E421D102E50006C567 /* BiometricAuthManager.swift in Sources */ = {isa = PBXBuildFile; fileRef = AD22B6E321D102E50006C567 /* BiometricAuthManager.swift */; };
		AD5255DB21DB7BCB007761CC /* Extensions+UITextView.swift in Sources */ = {isa = PBXBuildFile; fileRef = AD5255DA21DB7BCB007761CC /* Extensions+UITextView.swift */; };
		EB92FA32EB3F4E70B346EC2C /* Pods_DKVK.framework in Frameworks */ = {isa = PBXBuildFile; fileRef = EF914D8042505CDB8842BBAE /* Pods_DKVK.framework */; };
/* End PBXBuildFile section */

/* Begin PBXContainerItemProxy section */
		7CAAAD1421B44BD900FBF963 /* PBXContainerItemProxy */ = {
			isa = PBXContainerItemProxy;
			containerPortal = 7CAAACF721B44BD700FBF963 /* Project object */;
			proxyType = 1;
			remoteGlobalIDString = 7CAAACFE21B44BD700FBF963;
			remoteInfo = DKVK;
		};
/* End PBXContainerItemProxy section */

/* Begin PBXFileReference section */
		4C1075C14681918F00D6365E /* Pods-DKVK.debug.xcconfig */ = {isa = PBXFileReference; includeInIndex = 1; lastKnownFileType = text.xcconfig; name = "Pods-DKVK.debug.xcconfig"; path = "Target Support Files/Pods-DKVK/Pods-DKVK.debug.xcconfig"; sourceTree = "<group>"; };
		7C10710121D9345D0078C7CC /* CreatePostViewController.swift */ = {isa = PBXFileReference; lastKnownFileType = sourcecode.swift; path = CreatePostViewController.swift; sourceTree = "<group>"; };
		7C10710221D9345D0078C7CC /* CreatePostViewController.xib */ = {isa = PBXFileReference; lastKnownFileType = file.xib; path = CreatePostViewController.xib; sourceTree = "<group>"; };
		7C10710521D9359E0078C7CC /* PostManager.swift */ = {isa = PBXFileReference; lastKnownFileType = sourcecode.swift; path = PostManager.swift; sourceTree = "<group>"; };
		7C10710721D9362A0078C7CC /* FirebaseManager.swift */ = {isa = PBXFileReference; lastKnownFileType = sourcecode.swift; path = FirebaseManager.swift; sourceTree = "<group>"; };
		7C10710921D936F10078C7CC /* Post.swift */ = {isa = PBXFileReference; lastKnownFileType = sourcecode.swift; path = Post.swift; sourceTree = "<group>"; };
		7C10710B21D937F30078C7CC /* Extensions+Encodable.swift */ = {isa = PBXFileReference; lastKnownFileType = sourcecode.swift; path = "Extensions+Encodable.swift"; sourceTree = "<group>"; };
		7C10710D21D940D30078C7CC /* Extensions+Decodable.swift */ = {isa = PBXFileReference; lastKnownFileType = sourcecode.swift; path = "Extensions+Decodable.swift"; sourceTree = "<group>"; };
		7C10710F21D942950078C7CC /* PostTableViewCell.swift */ = {isa = PBXFileReference; lastKnownFileType = sourcecode.swift; path = PostTableViewCell.swift; sourceTree = "<group>"; };
		7C10711021D942950078C7CC /* PostTableViewCell.xib */ = {isa = PBXFileReference; lastKnownFileType = file.xib; path = PostTableViewCell.xib; sourceTree = "<group>"; };
		7C2FC36E21CFFC0A00C322AF /* CustomErrors.swift */ = {isa = PBXFileReference; lastKnownFileType = sourcecode.swift; path = CustomErrors.swift; sourceTree = "<group>"; };
		7C2FC37021CFFC2400C322AF /* Validator.swift */ = {isa = PBXFileReference; lastKnownFileType = sourcecode.swift; path = Validator.swift; sourceTree = "<group>"; };
		7C2FC37221CFFCED00C322AF /* StorageManager.swift */ = {isa = PBXFileReference; lastKnownFileType = sourcecode.swift; path = StorageManager.swift; sourceTree = "<group>"; };
		7C2FC37421D002E100C322AF /* FirebaseResult.swift */ = {isa = PBXFileReference; lastKnownFileType = sourcecode.swift; path = FirebaseResult.swift; sourceTree = "<group>"; };
		7C2FC37721D0040900C322AF /* LoginViewController.swift */ = {isa = PBXFileReference; lastKnownFileType = sourcecode.swift; path = LoginViewController.swift; sourceTree = "<group>"; };
		7C2FC37821D0040900C322AF /* LoginViewController.xib */ = {isa = PBXFileReference; lastKnownFileType = file.xib; path = LoginViewController.xib; sourceTree = "<group>"; };
		7C2FC37C21D004CC00C322AF /* TextField.swift */ = {isa = PBXFileReference; lastKnownFileType = sourcecode.swift; path = TextField.swift; sourceTree = "<group>"; };
		7C2FC37F21D0089000C322AF /* FeedViewController.swift */ = {isa = PBXFileReference; lastKnownFileType = sourcecode.swift; path = FeedViewController.swift; sourceTree = "<group>"; };
		7C2FC38021D0089000C322AF /* FeedViewController.xib */ = {isa = PBXFileReference; lastKnownFileType = file.xib; path = FeedViewController.xib; sourceTree = "<group>"; };
		7C2FC38421D0093700C322AF /* UserHeaderView.xib */ = {isa = PBXFileReference; lastKnownFileType = file.xib; path = UserHeaderView.xib; sourceTree = "<group>"; };
		7C2FC38621D009A800C322AF /* UserHeaderView.swift */ = {isa = PBXFileReference; lastKnownFileType = sourcecode.swift; path = UserHeaderView.swift; sourceTree = "<group>"; };
		7C61EA3221C6BECD00D1BA6A /* RegisterModel.swift */ = {isa = PBXFileReference; lastKnownFileType = sourcecode.swift; path = RegisterModel.swift; sourceTree = "<group>"; };
		7C61EA3421C6BF1300D1BA6A /* Sex.swift */ = {isa = PBXFileReference; lastKnownFileType = sourcecode.swift; path = Sex.swift; sourceTree = "<group>"; };
		7C61EA3621C6C06100D1BA6A /* Extensions+UIViewController.swift */ = {isa = PBXFileReference; lastKnownFileType = sourcecode.swift; path = "Extensions+UIViewController.swift"; sourceTree = "<group>"; };
		7C61EA3921C6C7C300D1BA6A /* AuthManager.swift */ = {isa = PBXFileReference; lastKnownFileType = sourcecode.swift; path = AuthManager.swift; sourceTree = "<group>"; };
		7C9937D521C6C99A0063AD5B /* Utilites.swift */ = {isa = PBXFileReference; lastKnownFileType = sourcecode.swift; path = Utilites.swift; sourceTree = "<group>"; };
		7CAAACFF21B44BD700FBF963 /* DKVK.app */ = {isa = PBXFileReference; explicitFileType = wrapper.application; includeInIndex = 0; path = DKVK.app; sourceTree = BUILT_PRODUCTS_DIR; };
		7CAAAD0221B44BD700FBF963 /* AppDelegate.swift */ = {isa = PBXFileReference; lastKnownFileType = sourcecode.swift; path = AppDelegate.swift; sourceTree = "<group>"; };
		7CAAAD0421B44BD700FBF963 /* ViewController.swift */ = {isa = PBXFileReference; lastKnownFileType = sourcecode.swift; path = ViewController.swift; sourceTree = "<group>"; };
		7CAAAD0921B44BD900FBF963 /* Assets.xcassets */ = {isa = PBXFileReference; lastKnownFileType = folder.assetcatalog; path = Assets.xcassets; sourceTree = "<group>"; };
		7CAAAD0C21B44BD900FBF963 /* Base */ = {isa = PBXFileReference; lastKnownFileType = file.storyboard; name = Base; path = Base.lproj/LaunchScreen.storyboard; sourceTree = "<group>"; };
		7CAAAD0E21B44BD900FBF963 /* Info.plist */ = {isa = PBXFileReference; lastKnownFileType = text.plist.xml; path = Info.plist; sourceTree = "<group>"; };
		7CAAAD1321B44BD900FBF963 /* DKVKTests.xctest */ = {isa = PBXFileReference; explicitFileType = wrapper.cfbundle; includeInIndex = 0; path = DKVKTests.xctest; sourceTree = BUILT_PRODUCTS_DIR; };
		7CAAAD1721B44BD900FBF963 /* DKVKTests.swift */ = {isa = PBXFileReference; lastKnownFileType = sourcecode.swift; path = DKVKTests.swift; sourceTree = "<group>"; };
		7CAAAD1921B44BD900FBF963 /* Info.plist */ = {isa = PBXFileReference; lastKnownFileType = text.plist.xml; path = Info.plist; sourceTree = "<group>"; };
		7CAAAD2221B44C3F00FBF963 /* ViewController.xib */ = {isa = PBXFileReference; lastKnownFileType = file.xib; path = ViewController.xib; sourceTree = "<group>"; };
		7CAAAD2921B44DBC00FBF963 /* Router.swift */ = {isa = PBXFileReference; lastKnownFileType = sourcecode.swift; path = Router.swift; sourceTree = "<group>"; };
		7CAAAD2B21B4538B00FBF963 /* StartRouter.swift */ = {isa = PBXFileReference; lastKnownFileType = sourcecode.swift; path = StartRouter.swift; sourceTree = "<group>"; };
		7CAAAD2E21B4545F00FBF963 /* RegisterViewController.swift */ = {isa = PBXFileReference; lastKnownFileType = sourcecode.swift; path = RegisterViewController.swift; sourceTree = "<group>"; };
		7CAAAD2F21B4545F00FBF963 /* RegisterViewController.xib */ = {isa = PBXFileReference; lastKnownFileType = file.xib; path = RegisterViewController.xib; sourceTree = "<group>"; };
		7CAAAD3421B4552400FBF963 /* PhotoView.swift */ = {isa = PBXFileReference; lastKnownFileType = sourcecode.swift; path = PhotoView.swift; sourceTree = "<group>"; };
		7CAAAD3921B4555200FBF963 /* NibLoadable.swift */ = {isa = PBXFileReference; lastKnownFileType = sourcecode.swift; path = NibLoadable.swift; sourceTree = "<group>"; };
		7CAAAD3C21B4574900FBF963 /* Extensions+UIView.swift */ = {isa = PBXFileReference; lastKnownFileType = sourcecode.swift; path = "Extensions+UIView.swift"; sourceTree = "<group>"; };
		7CAAAD3E21B4583B00FBF963 /* Extensions+NSLayoutConstraint.swift */ = {isa = PBXFileReference; lastKnownFileType = sourcecode.swift; path = "Extensions+NSLayoutConstraint.swift"; sourceTree = "<group>"; };
		7CAAAD4121B459D700FBF963 /* InfoUserTableViewCell.swift */ = {isa = PBXFileReference; lastKnownFileType = sourcecode.swift; path = InfoUserTableViewCell.swift; sourceTree = "<group>"; };
		7CAAAD4221B459D700FBF963 /* InfoUserTableViewCell.xib */ = {isa = PBXFileReference; lastKnownFileType = file.xib; path = InfoUserTableViewCell.xib; sourceTree = "<group>"; };
		7CAAAD4821B45D0000FBF963 /* HeightContainable.swift */ = {isa = PBXFileReference; lastKnownFileType = sourcecode.swift; path = HeightContainable.swift; sourceTree = "<group>"; };
		7CAAAD4A21B45D3F00FBF963 /* Typealiases.swift */ = {isa = PBXFileReference; lastKnownFileType = sourcecode.swift; path = Typealiases.swift; sourceTree = "<group>"; };
		7CAAAD4C21B4619100FBF963 /* GoogleService-Info.plist */ = {isa = PBXFileReference; fileEncoding = 4; lastKnownFileType = text.plist.xml; path = "GoogleService-Info.plist"; sourceTree = "<group>"; };
		7CD36CAA21E5151500A23C7D /* CreatePostModel.swift */ = {isa = PBXFileReference; lastKnownFileType = sourcecode.swift; path = CreatePostModel.swift; sourceTree = "<group>"; };
		7CD36CAD21E518E400A23C7D /* ChatsViewController.swift */ = {isa = PBXFileReference; lastKnownFileType = sourcecode.swift; path = ChatsViewController.swift; sourceTree = "<group>"; };
		7CD36CAE21E518E400A23C7D /* ChatsViewController.xib */ = {isa = PBXFileReference; lastKnownFileType = file.xib; path = ChatsViewController.xib; sourceTree = "<group>"; };
		7CD36CB121E5196100A23C7D /* UserManager.swift */ = {isa = PBXFileReference; lastKnownFileType = sourcecode.swift; path = UserManager.swift; sourceTree = "<group>"; };
		7CD36CB321E519F500A23C7D /* DKUser.swift */ = {isa = PBXFileReference; lastKnownFileType = sourcecode.swift; path = DKUser.swift; sourceTree = "<group>"; };
		7CD36CB621E51C7400A23C7D /* ChatViewController.swift */ = {isa = PBXFileReference; lastKnownFileType = sourcecode.swift; path = ChatViewController.swift; sourceTree = "<group>"; };
		7CD36CB721E51C7400A23C7D /* ChatViewController.xib */ = {isa = PBXFileReference; lastKnownFileType = file.xib; path = ChatViewController.xib; sourceTree = "<group>"; };
		7CD36CBA21E51D3000A23C7D /* Message.swift */ = {isa = PBXFileReference; lastKnownFileType = sourcecode.swift; path = Message.swift; sourceTree = "<group>"; };
		7CD36CBC21E51D7300A23C7D /* ChatManager.swift */ = {isa = PBXFileReference; lastKnownFileType = sourcecode.swift; path = ChatManager.swift; sourceTree = "<group>"; };
		7CE1582F21BED80D005449E5 /* HeaderTitleView.swift */ = {isa = PBXFileReference; lastKnownFileType = sourcecode.swift; path = HeaderTitleView.swift; sourceTree = "<group>"; };
		7CE1583121BED814005449E5 /* HeaderTitleView.xib */ = {isa = PBXFileReference; lastKnownFileType = file.xib; path = HeaderTitleView.xib; sourceTree = "<group>"; };
		7CE1583321BED940005449E5 /* CellHeaderProtocol.swift */ = {isa = PBXFileReference; lastKnownFileType = sourcecode.swift; path = CellHeaderProtocol.swift; sourceTree = "<group>"; };
		7CF5606721BEDD6A00A39099 /* SegmenterTableViewCell.swift */ = {isa = PBXFileReference; lastKnownFileType = sourcecode.swift; path = SegmenterTableViewCell.swift; sourceTree = "<group>"; };
		7CF5606821BEDD6A00A39099 /* SegmenterTableViewCell.xib */ = {isa = PBXFileReference; lastKnownFileType = file.xib; path = SegmenterTableViewCell.xib; sourceTree = "<group>"; };
		7CF5606B21BEE1A300A39099 /* TextTableViewCell.swift */ = {isa = PBXFileReference; lastKnownFileType = sourcecode.swift; path = TextTableViewCell.swift; sourceTree = "<group>"; };
		7CF5606C21BEE1A300A39099 /* TextTableViewCell.xib */ = {isa = PBXFileReference; lastKnownFileType = file.xib; path = TextTableViewCell.xib; sourceTree = "<group>"; };
		7CF5607121BEE55B00A39099 /* TextFieldTableViewCell.swift */ = {isa = PBXFileReference; lastKnownFileType = sourcecode.swift; path = TextFieldTableViewCell.swift; sourceTree = "<group>"; };
		7CF5607221BEE55B00A39099 /* TextFieldTableViewCell.xib */ = {isa = PBXFileReference; lastKnownFileType = file.xib; path = TextFieldTableViewCell.xib; sourceTree = "<group>"; };
		AD22B6DE21D0D3E80006C567 /* DKVK.entitlements */ = {isa = PBXFileReference; lastKnownFileType = text.plist.entitlements; path = DKVK.entitlements; sourceTree = "<group>"; };
		AD22B6E121D0DC920006C567 /* SecureStorageManager.swift */ = {isa = PBXFileReference; lastKnownFileType = sourcecode.swift; path = SecureStorageManager.swift; sourceTree = "<group>"; };
		AD22B6E321D102E50006C567 /* BiometricAuthManager.swift */ = {isa = PBXFileReference; lastKnownFileType = sourcecode.swift; path = BiometricAuthManager.swift; sourceTree = "<group>"; };
		AD5255DA21DB7BCB007761CC /* Extensions+UITextView.swift */ = {isa = PBXFileReference; lastKnownFileType = sourcecode.swift; path = "Extensions+UITextView.swift"; sourceTree = "<group>"; };
		EF914D8042505CDB8842BBAE /* Pods_DKVK.framework */ = {isa = PBXFileReference; explicitFileType = wrapper.framework; includeInIndex = 0; path = Pods_DKVK.framework; sourceTree = BUILT_PRODUCTS_DIR; };
		F505B3AADEDB5B7252B7ABBE /* Pods-DKVK.release.xcconfig */ = {isa = PBXFileReference; includeInIndex = 1; lastKnownFileType = text.xcconfig; name = "Pods-DKVK.release.xcconfig"; path = "Target Support Files/Pods-DKVK/Pods-DKVK.release.xcconfig"; sourceTree = "<group>"; };
/* End PBXFileReference section */

/* Begin PBXFrameworksBuildPhase section */
		7CAAACFC21B44BD700FBF963 /* Frameworks */ = {
			isa = PBXFrameworksBuildPhase;
			buildActionMask = 2147483647;
			files = (
				EB92FA32EB3F4E70B346EC2C /* Pods_DKVK.framework in Frameworks */,
			);
			runOnlyForDeploymentPostprocessing = 0;
		};
		7CAAAD1021B44BD900FBF963 /* Frameworks */ = {
			isa = PBXFrameworksBuildPhase;
			buildActionMask = 2147483647;
			files = (
			);
			runOnlyForDeploymentPostprocessing = 0;
		};
/* End PBXFrameworksBuildPhase section */

/* Begin PBXGroup section */
		1A04E8EBC6B5C5E273EAECD8 /* Frameworks */ = {
			isa = PBXGroup;
			children = (
				EF914D8042505CDB8842BBAE /* Pods_DKVK.framework */,
			);
			name = Frameworks;
			sourceTree = "<group>";
		};
		7C10710021D934440078C7CC /* CreatePost */ = {
			isa = PBXGroup;
			children = (
				7C10710121D9345D0078C7CC /* CreatePostViewController.swift */,
				7C10710221D9345D0078C7CC /* CreatePostViewController.xib */,
			);
			path = CreatePost;
			sourceTree = "<group>";
		};
		7C10711321D942990078C7CC /* Post */ = {
			isa = PBXGroup;
			children = (
				7C10710F21D942950078C7CC /* PostTableViewCell.swift */,
				7C10711021D942950078C7CC /* PostTableViewCell.xib */,
			);
			path = Post;
			sourceTree = "<group>";
		};
		7C2FC37621D003F900C322AF /* Login */ = {
			isa = PBXGroup;
			children = (
				7C2FC37721D0040900C322AF /* LoginViewController.swift */,
				7C2FC37821D0040900C322AF /* LoginViewController.xib */,
			);
			path = Login;
			sourceTree = "<group>";
		};
		7C2FC37B21D004B300C322AF /* Textfields */ = {
			isa = PBXGroup;
			children = (
				7C2FC37C21D004CC00C322AF /* TextField.swift */,
			);
			path = Textfields;
			sourceTree = "<group>";
		};
		7C2FC37E21D007CF00C322AF /* Feed */ = {
			isa = PBXGroup;
			children = (
				7C2FC37F21D0089000C322AF /* FeedViewController.swift */,
				7C2FC38021D0089000C322AF /* FeedViewController.xib */,
			);
			path = Feed;
			sourceTree = "<group>";
		};
		7C2FC38321D0092900C322AF /* User Header */ = {
			isa = PBXGroup;
			children = (
				7C2FC38421D0093700C322AF /* UserHeaderView.xib */,
				7C2FC38621D009A800C322AF /* UserHeaderView.swift */,
			);
			path = "User Header";
			sourceTree = "<group>";
		};
		7C61EA3121C6BEBD00D1BA6A /* Models */ = {
			isa = PBXGroup;
			children = (
				7C61EA3221C6BECD00D1BA6A /* RegisterModel.swift */,
				7CD36CAA21E5151500A23C7D /* CreatePostModel.swift */,
				7C2FC37421D002E100C322AF /* FirebaseResult.swift */,
				7CD36CBA21E51D3000A23C7D /* Message.swift */,
				7C10710921D936F10078C7CC /* Post.swift */,
				7CD36CB321E519F500A23C7D /* DKUser.swift */,
				7C61EA3421C6BF1300D1BA6A /* Sex.swift */,
				7C2FC36E21CFFC0A00C322AF /* CustomErrors.swift */,
			);
			path = Models;
			sourceTree = "<group>";
		};
		7C61EA3821C6C7A400D1BA6A /* Manager */ = {
			isa = PBXGroup;
			children = (
				7C61EA3921C6C7C300D1BA6A /* AuthManager.swift */,
				7CD36CB121E5196100A23C7D /* UserManager.swift */,
				7CD36CBC21E51D7300A23C7D /* ChatManager.swift */,
				7C10710721D9362A0078C7CC /* FirebaseManager.swift */,
				7C10710521D9359E0078C7CC /* PostManager.swift */,
				7C2FC37221CFFCED00C322AF /* StorageManager.swift */,
				AD22B6E121D0DC920006C567 /* SecureStorageManager.swift */,
				AD22B6E321D102E50006C567 /* BiometricAuthManager.swift */,
			);
			path = Manager;
			sourceTree = "<group>";
		};
		7C9937D421C6C9900063AD5B /* Help files */ = {
			isa = PBXGroup;
			children = (
				7C9937D521C6C99A0063AD5B /* Utilites.swift */,
				7C2FC37021CFFC2400C322AF /* Validator.swift */,
			);
			path = "Help files";
			sourceTree = "<group>";
		};
		7CAAACF621B44BD700FBF963 = {
			isa = PBXGroup;
			children = (
				7CAAAD0121B44BD700FBF963 /* DKVK */,
				7CAAAD1621B44BD900FBF963 /* DKVKTests */,
				7CAAAD0021B44BD700FBF963 /* Products */,
				BDD19E47EC7ED3F4F35AE5F5 /* Pods */,
				1A04E8EBC6B5C5E273EAECD8 /* Frameworks */,
			);
			sourceTree = "<group>";
		};
		7CAAAD0021B44BD700FBF963 /* Products */ = {
			isa = PBXGroup;
			children = (
				7CAAACFF21B44BD700FBF963 /* DKVK.app */,
				7CAAAD1321B44BD900FBF963 /* DKVKTests.xctest */,
			);
			name = Products;
			sourceTree = "<group>";
		};
		7CAAAD0121B44BD700FBF963 /* DKVK */ = {
			isa = PBXGroup;
			children = (
				AD22B6DE21D0D3E80006C567 /* DKVK.entitlements */,
				7CAAAD4C21B4619100FBF963 /* GoogleService-Info.plist */,
				7CAAAD0E21B44BD900FBF963 /* Info.plist */,
				7CAAAD2421B44D6500FBF963 /* Classes */,
				7CAAAD2521B44D7E00FBF963 /* Resources */,
			);
			path = DKVK;
			sourceTree = "<group>";
		};
		7CAAAD1621B44BD900FBF963 /* DKVKTests */ = {
			isa = PBXGroup;
			children = (
				7CAAAD1721B44BD900FBF963 /* DKVKTests.swift */,
				7CAAAD1921B44BD900FBF963 /* Info.plist */,
			);
			path = DKVKTests;
			sourceTree = "<group>";
		};
		7CAAAD2421B44D6500FBF963 /* Classes */ = {
			isa = PBXGroup;
			children = (
				7CAAAD0221B44BD700FBF963 /* AppDelegate.swift */,
				7C9937D421C6C9900063AD5B /* Help files */,
				7C61EA3821C6C7A400D1BA6A /* Manager */,
				7C61EA3121C6BEBD00D1BA6A /* Models */,
				7CAAAD3B21B4573700FBF963 /* Extensions */,
				7CAAAD3821B4554400FBF963 /* Protocols */,
				7CAAAD2821B44D9A00FBF963 /* Routers */,
				7CAAAD2721B44D9100FBF963 /* Screens */,
				7CAAAD3221B454D900FBF963 /* Custom Views */,
			);
			path = Classes;
			sourceTree = "<group>";
		};
		7CAAAD2521B44D7E00FBF963 /* Resources */ = {
			isa = PBXGroup;
			children = (
				7CAAAD0921B44BD900FBF963 /* Assets.xcassets */,
				7CAAAD0B21B44BD900FBF963 /* LaunchScreen.storyboard */,
			);
			path = Resources;
			sourceTree = "<group>";
		};
		7CAAAD2621B44D8A00FBF963 /* Start */ = {
			isa = PBXGroup;
			children = (
				7CAAAD0421B44BD700FBF963 /* ViewController.swift */,
				7CAAAD2221B44C3F00FBF963 /* ViewController.xib */,
			);
			path = Start;
			sourceTree = "<group>";
		};
		7CAAAD2721B44D9100FBF963 /* Screens */ = {
			isa = PBXGroup;
			children = (
				7CD36CB521E51C6600A23C7D /* Chat */,
				7CD36CAC21E518C800A23C7D /* Chats */,
				7C10710021D934440078C7CC /* CreatePost */,
				7C2FC37E21D007CF00C322AF /* Feed */,
				7C2FC37621D003F900C322AF /* Login */,
				7CAAAD2D21B4544B00FBF963 /* Register */,
				7CAAAD2621B44D8A00FBF963 /* Start */,
			);
			path = Screens;
			sourceTree = "<group>";
		};
		7CAAAD2821B44D9A00FBF963 /* Routers */ = {
			isa = PBXGroup;
			children = (
				7CAAAD2921B44DBC00FBF963 /* Router.swift */,
				7CAAAD2B21B4538B00FBF963 /* StartRouter.swift */,
			);
			path = Routers;
			sourceTree = "<group>";
		};
		7CAAAD2D21B4544B00FBF963 /* Register */ = {
			isa = PBXGroup;
			children = (
				7CAAAD2E21B4545F00FBF963 /* RegisterViewController.swift */,
				7CAAAD2F21B4545F00FBF963 /* RegisterViewController.xib */,
			);
			path = Register;
			sourceTree = "<group>";
		};
		7CAAAD3221B454D900FBF963 /* Custom Views */ = {
			isa = PBXGroup;
			children = (
				7C2FC38321D0092900C322AF /* User Header */,
				7C2FC37B21D004B300C322AF /* Textfields */,
				7CE1582E21BED7F8005449E5 /* Header TItle View */,
				7CAAAD4021B4599300FBF963 /* Cells */,
				7CAAAD3321B454FC00FBF963 /* Photo View */,
			);
			path = "Custom Views";
			sourceTree = "<group>";
		};
		7CAAAD3321B454FC00FBF963 /* Photo View */ = {
			isa = PBXGroup;
			children = (
				7CAAAD3421B4552400FBF963 /* PhotoView.swift */,
			);
			path = "Photo View";
			sourceTree = "<group>";
		};
		7CAAAD3821B4554400FBF963 /* Protocols */ = {
			isa = PBXGroup;
			children = (
				7CAAAD3921B4555200FBF963 /* NibLoadable.swift */,
				7CE1583321BED940005449E5 /* CellHeaderProtocol.swift */,
				7CAAAD4A21B45D3F00FBF963 /* Typealiases.swift */,
				7CAAAD4821B45D0000FBF963 /* HeightContainable.swift */,
			);
			path = Protocols;
			sourceTree = "<group>";
		};
		7CAAAD3B21B4573700FBF963 /* Extensions */ = {
			isa = PBXGroup;
			children = (
				7CAAAD3C21B4574900FBF963 /* Extensions+UIView.swift */,
				7C61EA3621C6C06100D1BA6A /* Extensions+UIViewController.swift */,
				7C10710B21D937F30078C7CC /* Extensions+Encodable.swift */,
				7C10710D21D940D30078C7CC /* Extensions+Decodable.swift */,
				7CAAAD3E21B4583B00FBF963 /* Extensions+NSLayoutConstraint.swift */,
				AD5255DA21DB7BCB007761CC /* Extensions+UITextView.swift */,
			);
			path = Extensions;
			sourceTree = "<group>";
		};
		7CAAAD4021B4599300FBF963 /* Cells */ = {
			isa = PBXGroup;
			children = (
				7CF5607021BEE50100A39099 /* Text Field Cell */,
				7CF5606621BEDD4E00A39099 /* Segmenter Cell */,
				7CE1583521BEDCF0005449E5 /* Info User Cell */,
				7CF5606F21BEE1A700A39099 /* Text Cell */,
				7C10711321D942990078C7CC /* Post */,
			);
			path = Cells;
			sourceTree = "<group>";
		};
		7CD36CAC21E518C800A23C7D /* Chats */ = {
			isa = PBXGroup;
			children = (
				7CD36CAD21E518E400A23C7D /* ChatsViewController.swift */,
				7CD36CAE21E518E400A23C7D /* ChatsViewController.xib */,
			);
			path = Chats;
			sourceTree = "<group>";
		};
		7CD36CB521E51C6600A23C7D /* Chat */ = {
			isa = PBXGroup;
			children = (
				7CD36CB621E51C7400A23C7D /* ChatViewController.swift */,
				7CD36CB721E51C7400A23C7D /* ChatViewController.xib */,
			);
			path = Chat;
			sourceTree = "<group>";
		};
		7CE1582E21BED7F8005449E5 /* Header TItle View */ = {
			isa = PBXGroup;
			children = (
				7CE1582F21BED80D005449E5 /* HeaderTitleView.swift */,
				7CE1583121BED814005449E5 /* HeaderTitleView.xib */,
			);
			path = "Header TItle View";
			sourceTree = "<group>";
		};
		7CE1583521BEDCF0005449E5 /* Info User Cell */ = {
			isa = PBXGroup;
			children = (
				7CAAAD4121B459D700FBF963 /* InfoUserTableViewCell.swift */,
				7CAAAD4221B459D700FBF963 /* InfoUserTableViewCell.xib */,
			);
			path = "Info User Cell";
			sourceTree = "<group>";
		};
		7CF5606621BEDD4E00A39099 /* Segmenter Cell */ = {
			isa = PBXGroup;
			children = (
				7CF5606721BEDD6A00A39099 /* SegmenterTableViewCell.swift */,
				7CF5606821BEDD6A00A39099 /* SegmenterTableViewCell.xib */,
			);
			path = "Segmenter Cell";
			sourceTree = "<group>";
		};
		7CF5606F21BEE1A700A39099 /* Text Cell */ = {
			isa = PBXGroup;
			children = (
				7CF5606B21BEE1A300A39099 /* TextTableViewCell.swift */,
				7CF5606C21BEE1A300A39099 /* TextTableViewCell.xib */,
			);
			path = "Text Cell";
			sourceTree = "<group>";
		};
		7CF5607021BEE50100A39099 /* Text Field Cell */ = {
			isa = PBXGroup;
			children = (
				7CF5607121BEE55B00A39099 /* TextFieldTableViewCell.swift */,
				7CF5607221BEE55B00A39099 /* TextFieldTableViewCell.xib */,
			);
			path = "Text Field Cell";
			sourceTree = "<group>";
		};
		BDD19E47EC7ED3F4F35AE5F5 /* Pods */ = {
			isa = PBXGroup;
			children = (
				4C1075C14681918F00D6365E /* Pods-DKVK.debug.xcconfig */,
				F505B3AADEDB5B7252B7ABBE /* Pods-DKVK.release.xcconfig */,
			);
			path = Pods;
			sourceTree = "<group>";
		};
/* End PBXGroup section */

/* Begin PBXNativeTarget section */
		7CAAACFE21B44BD700FBF963 /* DKVK */ = {
			isa = PBXNativeTarget;
			buildConfigurationList = 7CAAAD1C21B44BD900FBF963 /* Build configuration list for PBXNativeTarget "DKVK" */;
			buildPhases = (
				E83975956897FF8E3A503D0F /* [CP] Check Pods Manifest.lock */,
				7CAAACFB21B44BD700FBF963 /* Sources */,
				7CAAACFC21B44BD700FBF963 /* Frameworks */,
				7CAAACFD21B44BD700FBF963 /* Resources */,
				C9A92F08FAF4DEBC03D9B125 /* [CP] Embed Pods Frameworks */,
			);
			buildRules = (
			);
			dependencies = (
			);
			name = DKVK;
			productName = DKVK;
			productReference = 7CAAACFF21B44BD700FBF963 /* DKVK.app */;
			productType = "com.apple.product-type.application";
		};
		7CAAAD1221B44BD900FBF963 /* DKVKTests */ = {
			isa = PBXNativeTarget;
			buildConfigurationList = 7CAAAD1F21B44BD900FBF963 /* Build configuration list for PBXNativeTarget "DKVKTests" */;
			buildPhases = (
				7CAAAD0F21B44BD900FBF963 /* Sources */,
				7CAAAD1021B44BD900FBF963 /* Frameworks */,
				7CAAAD1121B44BD900FBF963 /* Resources */,
			);
			buildRules = (
			);
			dependencies = (
				7CAAAD1521B44BD900FBF963 /* PBXTargetDependency */,
			);
			name = DKVKTests;
			productName = DKVKTests;
			productReference = 7CAAAD1321B44BD900FBF963 /* DKVKTests.xctest */;
			productType = "com.apple.product-type.bundle.unit-test";
		};
/* End PBXNativeTarget section */

/* Begin PBXProject section */
		7CAAACF721B44BD700FBF963 /* Project object */ = {
			isa = PBXProject;
			attributes = {
				LastSwiftUpdateCheck = 1010;
				LastUpgradeCheck = 1010;
				ORGANIZATIONNAME = Hadevs;
				TargetAttributes = {
					7CAAACFE21B44BD700FBF963 = {
						CreatedOnToolsVersion = 10.1;
						SystemCapabilities = {
							com.apple.Keychain = {
								enabled = 1;
							};
						};
					};
					7CAAAD1221B44BD900FBF963 = {
						CreatedOnToolsVersion = 10.1;
						TestTargetID = 7CAAACFE21B44BD700FBF963;
					};
				};
			};
			buildConfigurationList = 7CAAACFA21B44BD700FBF963 /* Build configuration list for PBXProject "DKVK" */;
			compatibilityVersion = "Xcode 9.3";
			developmentRegion = en;
			hasScannedForEncodings = 0;
			knownRegions = (
				en,
				Base,
			);
			mainGroup = 7CAAACF621B44BD700FBF963;
			productRefGroup = 7CAAAD0021B44BD700FBF963 /* Products */;
			projectDirPath = "";
			projectRoot = "";
			targets = (
				7CAAACFE21B44BD700FBF963 /* DKVK */,
				7CAAAD1221B44BD900FBF963 /* DKVKTests */,
			);
		};
/* End PBXProject section */

/* Begin PBXResourcesBuildPhase section */
		7CAAACFD21B44BD700FBF963 /* Resources */ = {
			isa = PBXResourcesBuildPhase;
			buildActionMask = 2147483647;
			files = (
				7CF5606A21BEDD6A00A39099 /* SegmenterTableViewCell.xib in Resources */,
				7CAAAD4421B459D700FBF963 /* InfoUserTableViewCell.xib in Resources */,
				7C2FC37A21D0040900C322AF /* LoginViewController.xib in Resources */,
				7CE1583221BED814005449E5 /* HeaderTitleView.xib in Resources */,
				7C2FC38521D0093700C322AF /* UserHeaderView.xib in Resources */,
				7CAAAD0D21B44BD900FBF963 /* LaunchScreen.storyboard in Resources */,
				7C10711221D942950078C7CC /* PostTableViewCell.xib in Resources */,
				7C10710421D9345D0078C7CC /* CreatePostViewController.xib in Resources */,
				7CD36CB921E51C7400A23C7D /* ChatViewController.xib in Resources */,
				7CAAAD2321B44C3F00FBF963 /* ViewController.xib in Resources */,
				7CAAAD0A21B44BD900FBF963 /* Assets.xcassets in Resources */,
				7CD36CB021E518E400A23C7D /* ChatsViewController.xib in Resources */,
				7CAAAD3121B4545F00FBF963 /* RegisterViewController.xib in Resources */,
				7CF5607421BEE55B00A39099 /* TextFieldTableViewCell.xib in Resources */,
				7CAAAD4D21B4619100FBF963 /* GoogleService-Info.plist in Resources */,
				7C2FC38221D0089000C322AF /* FeedViewController.xib in Resources */,
				7CF5606E21BEE1A300A39099 /* TextTableViewCell.xib in Resources */,
			);
			runOnlyForDeploymentPostprocessing = 0;
		};
		7CAAAD1121B44BD900FBF963 /* Resources */ = {
			isa = PBXResourcesBuildPhase;
			buildActionMask = 2147483647;
			files = (
			);
			runOnlyForDeploymentPostprocessing = 0;
		};
/* End PBXResourcesBuildPhase section */

/* Begin PBXShellScriptBuildPhase section */
		C9A92F08FAF4DEBC03D9B125 /* [CP] Embed Pods Frameworks */ = {
			isa = PBXShellScriptBuildPhase;
			buildActionMask = 2147483647;
			files = (
			);
			inputFileListPaths = (
			);
			inputPaths = (
				"${PODS_ROOT}/Target Support Files/Pods-DKVK/Pods-DKVK-frameworks.sh",
				"${BUILT_PRODUCTS_DIR}/ARSLineProgress/ARSLineProgress.framework",
				"${BUILT_PRODUCTS_DIR}/GTMSessionFetcher/GTMSessionFetcher.framework",
				"${BUILT_PRODUCTS_DIR}/GoogleUtilities/GoogleUtilities.framework",
				"${BUILT_PRODUCTS_DIR}/Locksmith/Locksmith.framework",
				"${BUILT_PRODUCTS_DIR}/leveldb-library/leveldb.framework",
				"${BUILT_PRODUCTS_DIR}/nanopb/nanopb.framework",
			);
			name = "[CP] Embed Pods Frameworks";
			outputFileListPaths = (
			);
			outputPaths = (
				"${TARGET_BUILD_DIR}/${FRAMEWORKS_FOLDER_PATH}/ARSLineProgress.framework",
				"${TARGET_BUILD_DIR}/${FRAMEWORKS_FOLDER_PATH}/GTMSessionFetcher.framework",
				"${TARGET_BUILD_DIR}/${FRAMEWORKS_FOLDER_PATH}/GoogleUtilities.framework",
				"${TARGET_BUILD_DIR}/${FRAMEWORKS_FOLDER_PATH}/Locksmith.framework",
				"${TARGET_BUILD_DIR}/${FRAMEWORKS_FOLDER_PATH}/leveldb.framework",
				"${TARGET_BUILD_DIR}/${FRAMEWORKS_FOLDER_PATH}/nanopb.framework",
			);
			runOnlyForDeploymentPostprocessing = 0;
			shellPath = /bin/sh;
			shellScript = "\"${PODS_ROOT}/Target Support Files/Pods-DKVK/Pods-DKVK-frameworks.sh\"\n";
			showEnvVarsInLog = 0;
		};
		E83975956897FF8E3A503D0F /* [CP] Check Pods Manifest.lock */ = {
			isa = PBXShellScriptBuildPhase;
			buildActionMask = 2147483647;
			files = (
			);
			inputFileListPaths = (
			);
			inputPaths = (
				"${PODS_PODFILE_DIR_PATH}/Podfile.lock",
				"${PODS_ROOT}/Manifest.lock",
			);
			name = "[CP] Check Pods Manifest.lock";
			outputFileListPaths = (
			);
			outputPaths = (
				"$(DERIVED_FILE_DIR)/Pods-DKVK-checkManifestLockResult.txt",
			);
			runOnlyForDeploymentPostprocessing = 0;
			shellPath = /bin/sh;
			shellScript = "diff \"${PODS_PODFILE_DIR_PATH}/Podfile.lock\" \"${PODS_ROOT}/Manifest.lock\" > /dev/null\nif [ $? != 0 ] ; then\n    # print error to STDERR\n    echo \"error: The sandbox is not in sync with the Podfile.lock. Run 'pod install' or update your CocoaPods installation.\" >&2\n    exit 1\nfi\n# This output is used by Xcode 'outputs' to avoid re-running this script phase.\necho \"SUCCESS\" > \"${SCRIPT_OUTPUT_FILE_0}\"\n";
			showEnvVarsInLog = 0;
		};
/* End PBXShellScriptBuildPhase section */

/* Begin PBXSourcesBuildPhase section */
		7CAAACFB21B44BD700FBF963 /* Sources */ = {
			isa = PBXSourcesBuildPhase;
			buildActionMask = 2147483647;
			files = (
				7C2FC37921D0040900C322AF /* LoginViewController.swift in Sources */,
				7C10710621D9359E0078C7CC /* PostManager.swift in Sources */,
				7C10711121D942950078C7CC /* PostTableViewCell.swift in Sources */,
				7C10710821D9362A0078C7CC /* FirebaseManager.swift in Sources */,
				7CD36CAF21E518E400A23C7D /* ChatsViewController.swift in Sources */,
				7CF5607321BEE55B00A39099 /* TextFieldTableViewCell.swift in Sources */,
				7C2FC38721D009A800C322AF /* UserHeaderView.swift in Sources */,
				7C2FC37521D002E100C322AF /* FirebaseResult.swift in Sources */,
				7C61EA3A21C6C7C300D1BA6A /* AuthManager.swift in Sources */,
				7C10710C21D937F30078C7CC /* Extensions+Encodable.swift in Sources */,
				7CD36CBD21E51D7300A23C7D /* ChatManager.swift in Sources */,
				7CE1583421BED940005449E5 /* CellHeaderProtocol.swift in Sources */,
				7CAAAD3F21B4583B00FBF963 /* Extensions+NSLayoutConstraint.swift in Sources */,
				7C10710321D9345D0078C7CC /* CreatePostViewController.swift in Sources */,
				7C9937D621C6C99A0063AD5B /* Utilites.swift in Sources */,
				7CAAAD0521B44BD700FBF963 /* ViewController.swift in Sources */,
				7CAAAD3021B4545F00FBF963 /* RegisterViewController.swift in Sources */,
				7CAAAD3A21B4555200FBF963 /* NibLoadable.swift in Sources */,
				7CD36CBB21E51D3000A23C7D /* Message.swift in Sources */,
				7CD36CB421E519F500A23C7D /* DKUser.swift in Sources */,
				7CAAAD4321B459D700FBF963 /* InfoUserTableViewCell.swift in Sources */,
				7C10710A21D936F10078C7CC /* Post.swift in Sources */,
				7CAAAD2A21B44DBC00FBF963 /* Router.swift in Sources */,
				7C61EA3321C6BECD00D1BA6A /* RegisterModel.swift in Sources */,
				7C10710E21D940D30078C7CC /* Extensions+Decodable.swift in Sources */,
				AD22B6E421D102E50006C567 /* BiometricAuthManager.swift in Sources */,
				7CE1583021BED80D005449E5 /* HeaderTitleView.swift in Sources */,
				7C2FC36F21CFFC0A00C322AF /* CustomErrors.swift in Sources */,
				7CAAAD4921B45D0000FBF963 /* HeightContainable.swift in Sources */,
				7CAAAD3521B4552400FBF963 /* PhotoView.swift in Sources */,
				7CD36CAB21E5151500A23C7D /* CreatePostModel.swift in Sources */,
				7C61EA3721C6C06100D1BA6A /* Extensions+UIViewController.swift in Sources */,
				7CD36CB221E5196100A23C7D /* UserManager.swift in Sources */,
				7CF5606D21BEE1A300A39099 /* TextTableViewCell.swift in Sources */,
				7CF5606921BEDD6A00A39099 /* SegmenterTableViewCell.swift in Sources */,
				7C61EA3521C6BF1300D1BA6A /* Sex.swift in Sources */,
				AD22B6E221D0DC920006C567 /* SecureStorageManager.swift in Sources */,
				7C2FC38121D0089000C322AF /* FeedViewController.swift in Sources */,
				7C2FC37D21D004CC00C322AF /* TextField.swift in Sources */,
				7CAAAD4B21B45D3F00FBF963 /* Typealiases.swift in Sources */,
				7CAAAD0321B44BD700FBF963 /* AppDelegate.swift in Sources */,
				7C2FC37121CFFC2400C322AF /* Validator.swift in Sources */,
				7CAAAD3D21B4574900FBF963 /* Extensions+UIView.swift in Sources */,
				7CAAAD2C21B4538B00FBF963 /* StartRouter.swift in Sources */,
				7C2FC37321CFFCED00C322AF /* StorageManager.swift in Sources */,
				7CD36CB821E51C7400A23C7D /* ChatViewController.swift in Sources */,
				AD5255DB21DB7BCB007761CC /* Extensions+UITextView.swift in Sources */,
			);
			runOnlyForDeploymentPostprocessing = 0;
		};
		7CAAAD0F21B44BD900FBF963 /* Sources */ = {
			isa = PBXSourcesBuildPhase;
			buildActionMask = 2147483647;
			files = (
				7CAAAD1821B44BD900FBF963 /* DKVKTests.swift in Sources */,
			);
			runOnlyForDeploymentPostprocessing = 0;
		};
/* End PBXSourcesBuildPhase section */

/* Begin PBXTargetDependency section */
		7CAAAD1521B44BD900FBF963 /* PBXTargetDependency */ = {
			isa = PBXTargetDependency;
			target = 7CAAACFE21B44BD700FBF963 /* DKVK */;
			targetProxy = 7CAAAD1421B44BD900FBF963 /* PBXContainerItemProxy */;
		};
/* End PBXTargetDependency section */

/* Begin PBXVariantGroup section */
		7CAAAD0B21B44BD900FBF963 /* LaunchScreen.storyboard */ = {
			isa = PBXVariantGroup;
			children = (
				7CAAAD0C21B44BD900FBF963 /* Base */,
			);
			name = LaunchScreen.storyboard;
			sourceTree = "<group>";
		};
/* End PBXVariantGroup section */

/* Begin XCBuildConfiguration section */
		7CAAAD1A21B44BD900FBF963 /* Debug */ = {
			isa = XCBuildConfiguration;
			buildSettings = {
				ALWAYS_SEARCH_USER_PATHS = NO;
				CLANG_ANALYZER_NONNULL = YES;
				CLANG_ANALYZER_NUMBER_OBJECT_CONVERSION = YES_AGGRESSIVE;
				CLANG_CXX_LANGUAGE_STANDARD = "gnu++14";
				CLANG_CXX_LIBRARY = "libc++";
				CLANG_ENABLE_MODULES = YES;
				CLANG_ENABLE_OBJC_ARC = YES;
				CLANG_ENABLE_OBJC_WEAK = YES;
				CLANG_WARN_BLOCK_CAPTURE_AUTORELEASING = YES;
				CLANG_WARN_BOOL_CONVERSION = YES;
				CLANG_WARN_COMMA = YES;
				CLANG_WARN_CONSTANT_CONVERSION = YES;
				CLANG_WARN_DEPRECATED_OBJC_IMPLEMENTATIONS = YES;
				CLANG_WARN_DIRECT_OBJC_ISA_USAGE = YES_ERROR;
				CLANG_WARN_DOCUMENTATION_COMMENTS = YES;
				CLANG_WARN_EMPTY_BODY = YES;
				CLANG_WARN_ENUM_CONVERSION = YES;
				CLANG_WARN_INFINITE_RECURSION = YES;
				CLANG_WARN_INT_CONVERSION = YES;
				CLANG_WARN_NON_LITERAL_NULL_CONVERSION = YES;
				CLANG_WARN_OBJC_IMPLICIT_RETAIN_SELF = YES;
				CLANG_WARN_OBJC_LITERAL_CONVERSION = YES;
				CLANG_WARN_OBJC_ROOT_CLASS = YES_ERROR;
				CLANG_WARN_RANGE_LOOP_ANALYSIS = YES;
				CLANG_WARN_STRICT_PROTOTYPES = YES;
				CLANG_WARN_SUSPICIOUS_MOVE = YES;
				CLANG_WARN_UNGUARDED_AVAILABILITY = YES_AGGRESSIVE;
				CLANG_WARN_UNREACHABLE_CODE = YES;
				CLANG_WARN__DUPLICATE_METHOD_MATCH = YES;
				CODE_SIGN_IDENTITY = "iPhone Developer";
				COPY_PHASE_STRIP = NO;
				DEBUG_INFORMATION_FORMAT = dwarf;
				ENABLE_STRICT_OBJC_MSGSEND = YES;
				ENABLE_TESTABILITY = YES;
				GCC_C_LANGUAGE_STANDARD = gnu11;
				GCC_DYNAMIC_NO_PIC = NO;
				GCC_NO_COMMON_BLOCKS = YES;
				GCC_OPTIMIZATION_LEVEL = 0;
				GCC_PREPROCESSOR_DEFINITIONS = (
					"DEBUG=1",
					"$(inherited)",
				);
				GCC_WARN_64_TO_32_BIT_CONVERSION = YES;
				GCC_WARN_ABOUT_RETURN_TYPE = YES_ERROR;
				GCC_WARN_UNDECLARED_SELECTOR = YES;
				GCC_WARN_UNINITIALIZED_AUTOS = YES_AGGRESSIVE;
				GCC_WARN_UNUSED_FUNCTION = YES;
				GCC_WARN_UNUSED_VARIABLE = YES;
				IPHONEOS_DEPLOYMENT_TARGET = 12.1;
				MTL_ENABLE_DEBUG_INFO = INCLUDE_SOURCE;
				MTL_FAST_MATH = YES;
				ONLY_ACTIVE_ARCH = YES;
				SDKROOT = iphoneos;
				SWIFT_ACTIVE_COMPILATION_CONDITIONS = DEBUG;
				SWIFT_OPTIMIZATION_LEVEL = "-Onone";
			};
			name = Debug;
		};
		7CAAAD1B21B44BD900FBF963 /* Release */ = {
			isa = XCBuildConfiguration;
			buildSettings = {
				ALWAYS_SEARCH_USER_PATHS = NO;
				CLANG_ANALYZER_NONNULL = YES;
				CLANG_ANALYZER_NUMBER_OBJECT_CONVERSION = YES_AGGRESSIVE;
				CLANG_CXX_LANGUAGE_STANDARD = "gnu++14";
				CLANG_CXX_LIBRARY = "libc++";
				CLANG_ENABLE_MODULES = YES;
				CLANG_ENABLE_OBJC_ARC = YES;
				CLANG_ENABLE_OBJC_WEAK = YES;
				CLANG_WARN_BLOCK_CAPTURE_AUTORELEASING = YES;
				CLANG_WARN_BOOL_CONVERSION = YES;
				CLANG_WARN_COMMA = YES;
				CLANG_WARN_CONSTANT_CONVERSION = YES;
				CLANG_WARN_DEPRECATED_OBJC_IMPLEMENTATIONS = YES;
				CLANG_WARN_DIRECT_OBJC_ISA_USAGE = YES_ERROR;
				CLANG_WARN_DOCUMENTATION_COMMENTS = YES;
				CLANG_WARN_EMPTY_BODY = YES;
				CLANG_WARN_ENUM_CONVERSION = YES;
				CLANG_WARN_INFINITE_RECURSION = YES;
				CLANG_WARN_INT_CONVERSION = YES;
				CLANG_WARN_NON_LITERAL_NULL_CONVERSION = YES;
				CLANG_WARN_OBJC_IMPLICIT_RETAIN_SELF = YES;
				CLANG_WARN_OBJC_LITERAL_CONVERSION = YES;
				CLANG_WARN_OBJC_ROOT_CLASS = YES_ERROR;
				CLANG_WARN_RANGE_LOOP_ANALYSIS = YES;
				CLANG_WARN_STRICT_PROTOTYPES = YES;
				CLANG_WARN_SUSPICIOUS_MOVE = YES;
				CLANG_WARN_UNGUARDED_AVAILABILITY = YES_AGGRESSIVE;
				CLANG_WARN_UNREACHABLE_CODE = YES;
				CLANG_WARN__DUPLICATE_METHOD_MATCH = YES;
				CODE_SIGN_IDENTITY = "iPhone Developer";
				COPY_PHASE_STRIP = NO;
				DEBUG_INFORMATION_FORMAT = "dwarf-with-dsym";
				ENABLE_NS_ASSERTIONS = NO;
				ENABLE_STRICT_OBJC_MSGSEND = YES;
				GCC_C_LANGUAGE_STANDARD = gnu11;
				GCC_NO_COMMON_BLOCKS = YES;
				GCC_WARN_64_TO_32_BIT_CONVERSION = YES;
				GCC_WARN_ABOUT_RETURN_TYPE = YES_ERROR;
				GCC_WARN_UNDECLARED_SELECTOR = YES;
				GCC_WARN_UNINITIALIZED_AUTOS = YES_AGGRESSIVE;
				GCC_WARN_UNUSED_FUNCTION = YES;
				GCC_WARN_UNUSED_VARIABLE = YES;
				IPHONEOS_DEPLOYMENT_TARGET = 12.1;
				MTL_ENABLE_DEBUG_INFO = NO;
				MTL_FAST_MATH = YES;
				SDKROOT = iphoneos;
				SWIFT_COMPILATION_MODE = wholemodule;
				SWIFT_OPTIMIZATION_LEVEL = "-O";
				VALIDATE_PRODUCT = YES;
			};
			name = Release;
		};
		7CAAAD1D21B44BD900FBF963 /* Debug */ = {
			isa = XCBuildConfiguration;
			baseConfigurationReference = 4C1075C14681918F00D6365E /* Pods-DKVK.debug.xcconfig */;
			buildSettings = {
				ASSETCATALOG_COMPILER_APPICON_NAME = AppIcon;
				CODE_SIGN_ENTITLEMENTS = DKVK/DKVK.entitlements;
				CODE_SIGN_STYLE = Automatic;
				INFOPLIST_FILE = DKVK/Info.plist;
				LD_RUNPATH_SEARCH_PATHS = (
					"$(inherited)",
					"@executable_path/Frameworks",
				);
				PRODUCT_BUNDLE_IDENTIFIER = AI.DKVK;
				PRODUCT_NAME = "$(TARGET_NAME)";
				SWIFT_VERSION = 4.2;
				TARGETED_DEVICE_FAMILY = "1,2";
			};
			name = Debug;
		};
		7CAAAD1E21B44BD900FBF963 /* Release */ = {
			isa = XCBuildConfiguration;
			baseConfigurationReference = F505B3AADEDB5B7252B7ABBE /* Pods-DKVK.release.xcconfig */;
			buildSettings = {
				ASSETCATALOG_COMPILER_APPICON_NAME = AppIcon;
				CODE_SIGN_ENTITLEMENTS = DKVK/DKVK.entitlements;
				CODE_SIGN_STYLE = Automatic;
				INFOPLIST_FILE = DKVK/Info.plist;
				LD_RUNPATH_SEARCH_PATHS = (
					"$(inherited)",
					"@executable_path/Frameworks",
				);
				PRODUCT_BUNDLE_IDENTIFIER = AI.DKVK;
				PRODUCT_NAME = "$(TARGET_NAME)";
				SWIFT_VERSION = 4.2;
				TARGETED_DEVICE_FAMILY = "1,2";
			};
			name = Release;
		};
		7CAAAD2021B44BD900FBF963 /* Debug */ = {
			isa = XCBuildConfiguration;
			buildSettings = {
				ALWAYS_EMBED_SWIFT_STANDARD_LIBRARIES = YES;
				BUNDLE_LOADER = "$(TEST_HOST)";
				CODE_SIGN_STYLE = Automatic;
				INFOPLIST_FILE = DKVKTests/Info.plist;
				LD_RUNPATH_SEARCH_PATHS = (
					"$(inherited)",
					"@executable_path/Frameworks",
					"@loader_path/Frameworks",
				);
				PRODUCT_BUNDLE_IDENTIFIER = AI.DKVKTests;
				PRODUCT_NAME = "$(TARGET_NAME)";
				SWIFT_VERSION = 4.2;
				TARGETED_DEVICE_FAMILY = "1,2";
				TEST_HOST = "$(BUILT_PRODUCTS_DIR)/DKVK.app/DKVK";
			};
			name = Debug;
		};
		7CAAAD2121B44BD900FBF963 /* Release */ = {
			isa = XCBuildConfiguration;
			buildSettings = {
				ALWAYS_EMBED_SWIFT_STANDARD_LIBRARIES = YES;
				BUNDLE_LOADER = "$(TEST_HOST)";
				CODE_SIGN_STYLE = Automatic;
				INFOPLIST_FILE = DKVKTests/Info.plist;
				LD_RUNPATH_SEARCH_PATHS = (
					"$(inherited)",
					"@executable_path/Frameworks",
					"@loader_path/Frameworks",
				);
				PRODUCT_BUNDLE_IDENTIFIER = AI.DKVKTests;
				PRODUCT_NAME = "$(TARGET_NAME)";
				SWIFT_VERSION = 4.2;
				TARGETED_DEVICE_FAMILY = "1,2";
				TEST_HOST = "$(BUILT_PRODUCTS_DIR)/DKVK.app/DKVK";
			};
			name = Release;
		};
/* End XCBuildConfiguration section */

/* Begin XCConfigurationList section */
		7CAAACFA21B44BD700FBF963 /* Build configuration list for PBXProject "DKVK" */ = {
			isa = XCConfigurationList;
			buildConfigurations = (
				7CAAAD1A21B44BD900FBF963 /* Debug */,
				7CAAAD1B21B44BD900FBF963 /* Release */,
			);
			defaultConfigurationIsVisible = 0;
			defaultConfigurationName = Release;
		};
		7CAAAD1C21B44BD900FBF963 /* Build configuration list for PBXNativeTarget "DKVK" */ = {
			isa = XCConfigurationList;
			buildConfigurations = (
				7CAAAD1D21B44BD900FBF963 /* Debug */,
				7CAAAD1E21B44BD900FBF963 /* Release */,
			);
			defaultConfigurationIsVisible = 0;
			defaultConfigurationName = Release;
		};
		7CAAAD1F21B44BD900FBF963 /* Build configuration list for PBXNativeTarget "DKVKTests" */ = {
			isa = XCConfigurationList;
			buildConfigurations = (
				7CAAAD2021B44BD900FBF963 /* Debug */,
				7CAAAD2121B44BD900FBF963 /* Release */,
			);
			defaultConfigurationIsVisible = 0;
			defaultConfigurationName = Release;
		};
/* End XCConfigurationList section */
	};
	rootObject = 7CAAACF721B44BD700FBF963 /* Project object */;
}
